
Microsoft Visual Studio Solution File, Format Version 12.00
# Visual Studio Version 17
VisualStudioVersion = 17.14.36301.6 d17.14
MinimumVisualStudioVersion = 10.0.40219.1
Project("{FAE04EC0-301F-11D3-BF4B-00C04F79EFBC}") = "VendingMachine", "VendingMachine\VendingMachine.csproj", "{969F408B-2900-4DD6-A08B-F726C6FB85C3}"
EndProject
Global
	GlobalSection(SolutionConfigurationPlatforms) = preSolution
		Debug|Any CPU = Debug|Any CPU
		Release|Any CPU = Release|Any CPU
	EndGlobalSection
	GlobalSection(ProjectConfigurationPlatforms) = postSolution
		{969F408B-2900-4DD6-A08B-F726C6FB85C3}.Debug|Any CPU.ActiveCfg = Debug|Any CPU
		{969F408B-2900-4DD6-A08B-F726C6FB85C3}.Debug|Any CPU.Build.0 = Debug|Any CPU
		{969F408B-2900-4DD6-A08B-F726C6FB85C3}.Release|Any CPU.ActiveCfg = Release|Any CPU
		{969F408B-2900-4DD6-A08B-F726C6FB85C3}.Release|Any CPU.Build.0 = Release|Any CPU
	EndGlobalSection
	GlobalSection(SolutionProperties) = preSolution
		HideSolutionNode = FALSE
	EndGlobalSection
	GlobalSection(ExtensibilityGlobals) = postSolution
		SolutionGuid = {8EB1643E-41AE-4B83-99D4-3F159C7F5F78}
	EndGlobalSection
EndGlobal
